
Microsoft Visual Studio Solution File, Format Version 12.00
# Visual Studio Version 17
VisualStudioVersion = 17.9.34728.123
MinimumVisualStudioVersion = 10.0.40219.1
Project("{FAE04EC0-301F-11D3-BF4B-00C04F79EFBC}") = "NotesTaking", "NotesTaking\NotesTaking.csproj", "{9CA55E67-3D3F-4C0A-80B4-DF9849F38DB6}"
EndProject
Global
	GlobalSection(SolutionConfigurationPlatforms) = preSolution
		Debug|Any CPU = Debug|Any CPU
		Release|Any CPU = Release|Any CPU
	EndGlobalSection
	GlobalSection(ProjectConfigurationPlatforms) = postSolution
		{9CA55E67-3D3F-4C0A-80B4-DF9849F38DB6}.Debug|Any CPU.ActiveCfg = Debug|Any CPU
		{9CA55E67-3D3F-4C0A-80B4-DF9849F38DB6}.Debug|Any CPU.Build.0 = Debug|Any CPU
		{9CA55E67-3D3F-4C0A-80B4-DF9849F38DB6}.Release|Any CPU.ActiveCfg = Release|Any CPU
		{9CA55E67-3D3F-4C0A-80B4-DF9849F38DB6}.Release|Any CPU.Build.0 = Release|Any CPU
	EndGlobalSection
	GlobalSection(SolutionProperties) = preSolution
		HideSolutionNode = FALSE
	EndGlobalSection
	GlobalSection(ExtensibilityGlobals) = postSolution
		SolutionGuid = {1CE2889C-4049-4DE1-B9D4-489B53C7D0F3}
	EndGlobalSection
EndGlobal
